
Microsoft Visual Studio Solution File, Format Version 12.00
Project("{FAE04EC0-301F-11D3-BF4B-00C04F79EFBC}") = "Sunithatest", "Sunithatest\Sunithatest.csproj", "{8ECA983F-CA31-4785-B17B-8745D55AFD06}"
EndProject
Project("{FAE04EC0-301F-11D3-BF4B-00C04F79EFBC}") = "FizzBuzzLibrary", "FizzBuzzLibrary\FizzBuzzLibrary.csproj", "{774AC654-514A-496D-92CF-F5812BC75F79}"
EndProject
Project("{FAE04EC0-301F-11D3-BF4B-00C04F79EFBC}") = "Tests", "Tests\Tests.csproj", "{6C6B3D80-5018-4B43-982B-2B977BF5CEC7}"
EndProject
Global
	GlobalSection(SolutionConfigurationPlatforms) = preSolution
		Debug|Any CPU = Debug|Any CPU
		Release|Any CPU = Release|Any CPU
	EndGlobalSection
	GlobalSection(ProjectConfigurationPlatforms) = postSolution
		{8ECA983F-CA31-4785-B17B-8745D55AFD06}.Debug|Any CPU.ActiveCfg = Debug|Any CPU
		{8ECA983F-CA31-4785-B17B-8745D55AFD06}.Debug|Any CPU.Build.0 = Debug|Any CPU
		{8ECA983F-CA31-4785-B17B-8745D55AFD06}.Release|Any CPU.ActiveCfg = Release|Any CPU
		{8ECA983F-CA31-4785-B17B-8745D55AFD06}.Release|Any CPU.Build.0 = Release|Any CPU
		{774AC654-514A-496D-92CF-F5812BC75F79}.Debug|Any CPU.ActiveCfg = Debug|Any CPU
		{774AC654-514A-496D-92CF-F5812BC75F79}.Debug|Any CPU.Build.0 = Debug|Any CPU
		{774AC654-514A-496D-92CF-F5812BC75F79}.Release|Any CPU.ActiveCfg = Release|Any CPU
		{774AC654-514A-496D-92CF-F5812BC75F79}.Release|Any CPU.Build.0 = Release|Any CPU
		{6C6B3D80-5018-4B43-982B-2B977BF5CEC7}.Debug|Any CPU.ActiveCfg = Debug|Any CPU
		{6C6B3D80-5018-4B43-982B-2B977BF5CEC7}.Debug|Any CPU.Build.0 = Debug|Any CPU
		{6C6B3D80-5018-4B43-982B-2B977BF5CEC7}.Release|Any CPU.ActiveCfg = Release|Any CPU
		{6C6B3D80-5018-4B43-982B-2B977BF5CEC7}.Release|Any CPU.Build.0 = Release|Any CPU
	EndGlobalSection
EndGlobal
